
Microsoft Visual Studio Solution File, Format Version 12.00
# Visual Studio Version 16
VisualStudioVersion = 16.0.30204.135
MinimumVisualStudioVersion = 10.0.40219.1
Project("{FAE04EC0-301F-11D3-BF4B-00C04F79EFBC}") = "CalculadoraProject", "CalculadoraProject\CalculadoraProject.csproj", "{F248F9D4-AB12-42FE-B362-4A0E4CD02036}"
EndProject
Global
	GlobalSection(SolutionConfigurationPlatforms) = preSolution
		Debug|Any CPU = Debug|Any CPU
		Release|Any CPU = Release|Any CPU
	EndGlobalSection
	GlobalSection(ProjectConfigurationPlatforms) = postSolution
		{F248F9D4-AB12-42FE-B362-4A0E4CD02036}.Debug|Any CPU.ActiveCfg = Debug|Any CPU
		{F248F9D4-AB12-42FE-B362-4A0E4CD02036}.Debug|Any CPU.Build.0 = Debug|Any CPU
		{F248F9D4-AB12-42FE-B362-4A0E4CD02036}.Release|Any CPU.ActiveCfg = Release|Any CPU
		{F248F9D4-AB12-42FE-B362-4A0E4CD02036}.Release|Any CPU.Build.0 = Release|Any CPU
	EndGlobalSection
	GlobalSection(SolutionProperties) = preSolution
		HideSolutionNode = FALSE
	EndGlobalSection
	GlobalSection(ExtensibilityGlobals) = postSolution
		SolutionGuid = {6A8FC967-D7B9-470E-B8FA-9D8D5142FDD1}
	EndGlobalSection
EndGlobal
